
Microsoft Visual Studio Solution File, Format Version 12.00
# Visual Studio 14
VisualStudioVersion = 14.0.25420.1
MinimumVisualStudioVersion = 10.0.40219.1
Project("{FAE04EC0-301F-11D3-BF4B-00C04F79EFBC}") = "Migrator", "Migrator.csproj", "{FD052982-B30B-4FF4-A25F-03F77CDAAA1E}"
EndProject
Global
	GlobalSection(SolutionConfigurationPlatforms) = preSolution
		Debug|Any CPU = Debug|Any CPU
		Release|Any CPU = Release|Any CPU
	EndGlobalSection
	GlobalSection(ProjectConfigurationPlatforms) = postSolution
		{FD052982-B30B-4FF4-A25F-03F77CDAAA1E}.Debug|Any CPU.ActiveCfg = Debug|Any CPU
		{FD052982-B30B-4FF4-A25F-03F77CDAAA1E}.Debug|Any CPU.Build.0 = Debug|Any CPU
		{FD052982-B30B-4FF4-A25F-03F77CDAAA1E}.Release|Any CPU.ActiveCfg = Release|Any CPU
		{FD052982-B30B-4FF4-A25F-03F77CDAAA1E}.Release|Any CPU.Build.0 = Release|Any CPU
	EndGlobalSection
	GlobalSection(SolutionProperties) = preSolution
		HideSolutionNode = FALSE
	EndGlobalSection
EndGlobal
